<?xml version="1.0" encoding="utf-8"?>
<Project ToolsVersion="4.0" xmlns="http://schemas.microsoft.com/developer/msbuild/2003">
  <ItemGroup>
    <Filter Include="Source Files">
      <UniqueIdentifier>{4FC737F1-C7A5-4376-A066-2A32D752A2FF}</UniqueIdentifier>
      <Extensions>cpp;c;cc;cxx;def;odl;idl;hpj;bat;asm;asmx</Extensions>
    </Filter>
    <Filter Include="Header Files">
      <UniqueIdentifier>{93995380-89BD-4b04-88EB-625FBE52EBFB}</UniqueIdentifier>
      <Extensions>h;hh;hpp;hxx;hm;inl;inc;ipp;xsd</Extensions>
    </Filter>
    <Filter Include="Resource Files">
      <UniqueIdentifier>{67DA6AB6-F800-4c08-8B7A-83BB121AAD01}</UniqueIdentifier>
      <Extensions>rc;ico;cur;bmp;dlg;rc2;rct;bin;rgs;gif;jpg;jpeg;jpe;resx;tiff;tif;png;wav;mfcribbon-ms</Extensions>
    </Filter>
    <Filter Include="3rd">
      <UniqueIdentifier>{78ba33f8-f526-44a8-8246-f3604a61bc7c}</UniqueIdentifier>
    </Filter>
    <Filter Include="shaders_ogl">
      <UniqueIdentifier>{6c30f2d0-ace4-4b04-8384-feda51e86b59}</UniqueIdentifier>
    </Filter>
    <Filter Include="shaders_dx">
      <UniqueIdentifier>{cbd49e59-dec1-4f72-946f-9833441b5699}</UniqueIdentifier>
    </Filter>
    <Filter Include="NewFilter1">
      <UniqueIdentifier>{df1cfa40-990e-4c30-aeb3-e20dc64f2431}</UniqueIdentifier>
    </Filter>
  </ItemGroup>
  <ItemGroup>
    <ClCompile Include="Source.cpp">
      <Filter>Source Files</Filter>
    </ClCompile>
    <ClCompile Include="..\3rd_party\GLAD\src\glad.c">
      <Filter>3rd</Filter>
    </ClCompile>
    <ClCompile Include="ShaderProcesser.cpp">
      <Filter>Source Files</Filter>
    </ClCompile>
  </ItemGroup>
  <ItemGroup>
    <None Include="packages.config" />
    <None Include="FragmentShader.glsl">
      <Filter>shaders_ogl</Filter>
    </None>
  </ItemGroup>
  <ItemGroup>
    <FxCompile Include="VertexShader.glsl">
      <Filter>shaders_ogl</Filter>
    </FxCompile>
    <FxCompile Include="VertexShader.hlsl">
      <Filter>shaders_dx</Filter>
    </FxCompile>
    <FxCompile Include="FragmentShader.hlsl">
      <Filter>shaders_dx</Filter>
    </FxCompile>
  </ItemGroup>
  <ItemGroup>
    <ClInclude Include="ShaderProcesser.h">
      <Filter>Header Files</Filter>
    </ClInclude>
    <ClInclude Include="Configuration.h">
      <Filter>Source Files</Filter>
    </ClInclude>
    <ClInclude Include="resource.h">
      <Filter>Header Files</Filter>
    </ClInclude>
  </ItemGroup>
  <ItemGroup>
    <ResourceCompile Include="OGL.rc">
      <Filter>Resource Files</Filter>
    </ResourceCompile>
  </ItemGroup>
  <ItemGroup>
    <Image Include="imgs\container.jpg">
      <Filter>Resource Files</Filter>
    </Image>
  </ItemGroup>
</Project>